lockfileVersion: '6.0'

settings:
  autoInstallPeers: true
  excludeLinksFromLockfile: false

devDependencies:
  '@types/node':
    specifier: '18'
    version: 18.19.10
  typescript:
    specifier: '5'
    version: 5.3.3

packages:

  /@types/node@18.19.10:
    resolution: {integrity: sha512-IZD8kAM02AW1HRDTPOlz3npFava678pr8Ie9Vp8uRhBROXAv8MXT2pCnGZZAKYdromsNQLHQcfWQ6EOatVLtqA==}
    dependencies:
      undici-types: 5.26.5
    dev: true

  /typescript@5.3.3:
    resolution: {integrity: sha512-pXWcraxM0uxAS+tN0AG/BF2TyqmHO014Z070UsJ+pFvYuRSq8KH8DmWpnbXe0pEPDHXZV3FcAbJkijJ5oNEnWw==}
    engines: {node: '>=14.17'}
    hasBin: true
    dev: true

  /undici-types@5.26.5:
    resolution: {integrity: sha512-JlCMO+ehdEIKqlFxk6IfVoAUVmgz7cU7zD/h9XZ0qzeosSHmUJVOzSQvvYSYWXkFXC+IfLKSIffhv0sVZup6pA==}
    dev: true
